github.com/go-cmd/cmd v1.4.1 h1:JUcEIE84v8DSy02XTZpUDeGKExk2oW3DA10hTjbQwmc=
github.com/go-cmd/cmd v1.4.1/go.mod h1:tbBenttXtZU4c5djS1o7PWL5pd2xAr5sIqH1kGdNiRc=
github.com/go-test/deep v1.0.7 h1:/VSMRlnY/JSyqxQUzQLKVMAskpY/NZKFA5j2P+0pP2M=
github.com/go-test/deep v1.0.7/go.mod h1:QV8Hv/iy04NyLBxAdO9njL0iVPN1S4d/A3NVv1V36o8=
github.com/gorilla/mux v1.8.0 h1:i40aqfkR1h2SlN9hojwV5ZA91wcXFOvkdNIeFDP5koI=
github.com/gorilla/mux v1.8.0/go.mod h1:DVbg23sWSpFRCP0SfiEN6jmj59UnW/n46BH5rLB71So=
